
Microsoft Visual Studio Solution File, Format Version 12.00
# Visual Studio Version 17
VisualStudioVersion = 17.13.35828.75 d17.13
MinimumVisualStudioVersion = 10.0.40219.1
Project("{FAE04EC0-301F-11D3-BF4B-00C04F79EFBC}") = "NotiX", "NotiX.csproj", "{CC61257E-ABB4-4324-A98B-5266DB4AF339}"
EndProject
Global
	GlobalSection(SolutionConfigurationPlatforms) = preSolution
		Debug|Any CPU = Debug|Any CPU
		Release|Any CPU = Release|Any CPU
	EndGlobalSection
	GlobalSection(ProjectConfigurationPlatforms) = postSolution
		{CC61257E-ABB4-4324-A98B-5266DB4AF339}.Debug|Any CPU.ActiveCfg = Debug|Any CPU
		{CC61257E-ABB4-4324-A98B-5266DB4AF339}.Debug|Any CPU.Build.0 = Debug|Any CPU
		{CC61257E-ABB4-4324-A98B-5266DB4AF339}.Release|Any CPU.ActiveCfg = Release|Any CPU
		{CC61257E-ABB4-4324-A98B-5266DB4AF339}.Release|Any CPU.Build.0 = Release|Any CPU
	EndGlobalSection
	GlobalSection(SolutionProperties) = preSolution
		HideSolutionNode = FALSE
	EndGlobalSection
	GlobalSection(ExtensibilityGlobals) = postSolution
		SolutionGuid = {C1190A3E-9C6D-4783-97CD-A654DC386E22}
	EndGlobalSection
EndGlobal
